PODS:
  - Kingfisher (5.4.0)
  - SwiftyJSON (5.0.0)

DEPENDENCIES:
  - Kingfisher
  - SwiftyJSON

SPEC REPOS:
  https://github.com/cocoapods/specs.git:
    - Kingfisher
    - SwiftyJSON

SPEC CHECKSUMS:
  Kingfisher: 9c8f2cc6710334e06f32ba2b45e77707d5e2f0c9
  SwiftyJSON: 36413e04c44ee145039d332b4f4e2d3e8d6c4db7

PODFILE CHECKSUM: a7058c1e3c610593052a62e6b9fe53a4fe840b29

COCOAPODS: 1.6.1
